
Microsoft Visual Studio Solution File, Format Version 12.00
# Visual Studio Version 17
VisualStudioVersion = 17.0.31912.275
MinimumVisualStudioVersion = 10.0.40219.1
Project("{9A19103F-16F7-4668-BE54-9A1E7A4F7556}") = "RegexPattern", "RegexPattern.csproj", "{C3C34301-CF16-4A35-B7B1-CA0D7E530234}"
EndProject
Project("{FAE04EC0-301F-11D3-BF4B-00C04F79EFBC}") = "TestCases", "..\TestCases\TestCases.csproj", "{D51B286D-0D2A-42E5-B707-B7CE9DC111CF}"
EndProject
Global
	GlobalSection(SolutionConfigurationPlatforms) = preSolution
		Debug|Any CPU = Debug|Any CPU
		Release|Any CPU = Release|Any CPU
	EndGlobalSection
	GlobalSection(ProjectConfigurationPlatforms) = postSolution
		{C3C34301-CF16-4A35-B7B1-CA0D7E530234}.Debug|Any CPU.ActiveCfg = Debug|Any CPU
		{C3C34301-CF16-4A35-B7B1-CA0D7E530234}.Debug|Any CPU.Build.0 = Debug|Any CPU
		{C3C34301-CF16-4A35-B7B1-CA0D7E530234}.Release|Any CPU.ActiveCfg = Release|Any CPU
		{C3C34301-CF16-4A35-B7B1-CA0D7E530234}.Release|Any CPU.Build.0 = Release|Any CPU
		{D51B286D-0D2A-42E5-B707-B7CE9DC111CF}.Debug|Any CPU.ActiveCfg = Debug|Any CPU
		{D51B286D-0D2A-42E5-B707-B7CE9DC111CF}.Debug|Any CPU.Build.0 = Debug|Any CPU
		{D51B286D-0D2A-42E5-B707-B7CE9DC111CF}.Release|Any CPU.ActiveCfg = Release|Any CPU
		{D51B286D-0D2A-42E5-B707-B7CE9DC111CF}.Release|Any CPU.Build.0 = Release|Any CPU
	EndGlobalSection
	GlobalSection(SolutionProperties) = preSolution
		HideSolutionNode = FALSE
	EndGlobalSection
	GlobalSection(ExtensibilityGlobals) = postSolution
		SolutionGuid = {4251EE0E-B9C5-4318-BAFD-504CC2025670}
	EndGlobalSection
EndGlobal
